<?xml version="1.0" encoding="utf-8"?>
<Project ToolsVersion="4.0" xmlns="http://schemas.microsoft.com/developer/msbuild/2003">
  <ItemGroup>
    <ClCompile Include="Source\main.cpp" />
    <ClCompile Include="Source\Render.cpp" />
    <ClCompile Include="Source\ExternalLibraries\imgui\imgui.cpp">
      <Filter>ExternalLibraries\ImGui</Filter>
    </ClCompile>
    <ClCompile Include="Source\ExternalLibraries\imgui\imgui_demo.cpp">
      <Filter>ExternalLibraries\ImGui</Filter>
    </ClCompile>
    <ClCompile Include="Source\ExternalLibraries\imgui\imgui_draw.cpp">
      <Filter>ExternalLibraries\ImGui</Filter>
    </ClCompile>
    <ClCompile Include="Source\ExternalLibraries\imgui\imgui_widgets.cpp">
      <Filter>ExternalLibraries\ImGui</Filter>
    </ClCompile>
    <ClCompile Include="Source\ExternalLibraries\imgui\examples\imgui_impl_sdl.cpp">
      <Filter>ExternalLibraries\ImGui</Filter>
    </ClCompile>
    <ClCompile Include="Source\Editor.cpp" />
    <ClCompile Include="Source\ExternalLibraries\imgui\examples\imgui_impl_opengl3.cpp">
      <Filter>ExternalLibraries\ImGui</Filter>
    </ClCompile>
    <ClCompile Include="Source\Game.cpp" />
    <ClCompile Include="Source\log.cpp" />
    <ClCompile Include="Source\Input.cpp" />
    <ClCompile Include="Source\Sprite.cpp" />
    <ClCompile Include="Source\Textures.cpp" />
    <ClCompile Include="Source\ExternalLibraries\MathGeoLib\include\Math\BitOps.cpp">
      <Filter>ExternalLibraries\MathGeoLib</Filter>
    </ClCompile>
    <ClCompile Include="Source\ExternalLibraries\MathGeoLib\include\Math\float2.cpp">
      <Filter>ExternalLibraries\MathGeoLib</Filter>
    </ClCompile>
    <ClCompile Include="Source\ExternalLibraries\MathGeoLib\include\Math\float3.cpp">
      <Filter>ExternalLibraries\MathGeoLib</Filter>
    </ClCompile>
    <ClCompile Include="Source\ExternalLibraries\MathGeoLib\include\Math\float3x3.cpp">
      <Filter>ExternalLibraries\MathGeoLib</Filter>
    </ClCompile>
    <ClCompile Include="Source\ExternalLibraries\MathGeoLib\include\Math\float3x4.cpp">
      <Filter>ExternalLibraries\MathGeoLib</Filter>
    </ClCompile>
    <ClCompile Include="Source\ExternalLibraries\MathGeoLib\include\Math\float4.cpp">
      <Filter>ExternalLibraries\MathGeoLib</Filter>
    </ClCompile>
    <ClCompile Include="Source\ExternalLibraries\MathGeoLib\include\Math\float4x4.cpp">
      <Filter>ExternalLibraries\MathGeoLib</Filter>
    </ClCompile>
    <ClCompile Include="Source\ExternalLibraries\MathGeoLib\include\Math\MathFunc.cpp">
      <Filter>ExternalLibraries\MathGeoLib</Filter>
    </ClCompile>
    <ClCompile Include="Source\ExternalLibraries\MathGeoLib\include\Math\MathLog.cpp">
      <Filter>ExternalLibraries\MathGeoLib</Filter>
    </ClCompile>
    <ClCompile Include="Source\ExternalLibraries\MathGeoLib\include\Math\MathOps.cpp">
      <Filter>ExternalLibraries\MathGeoLib</Filter>
    </ClCompile>
    <ClCompile Include="Source\ExternalLibraries\MathGeoLib\include\Math\Polynomial.cpp">
      <Filter>ExternalLibraries\MathGeoLib</Filter>
    </ClCompile>
    <ClCompile Include="Source\ExternalLibraries\MathGeoLib\include\Math\Quat.cpp">
      <Filter>ExternalLibraries\MathGeoLib</Filter>
    </ClCompile>
    <ClCompile Include="Source\ExternalLibraries\MathGeoLib\include\Math\SSEMath.cpp">
      <Filter>ExternalLibraries\MathGeoLib</Filter>
    </ClCompile>
    <ClCompile Include="Source\ExternalLibraries\MathGeoLib\include\Math\TransformOps.cpp">
      <Filter>ExternalLibraries\MathGeoLib</Filter>
    </ClCompile>
    <ClCompile Include="Source\ExternalLibraries\MathGeoLib\include\Geometry\AABB.cpp">
      <Filter>ExternalLibraries\MathGeoLib</Filter>
    </ClCompile>
    <ClCompile Include="Source\ExternalLibraries\MathGeoLib\include\Geometry\Capsule.cpp">
      <Filter>ExternalLibraries\MathGeoLib</Filter>
    </ClCompile>
    <ClCompile Include="Source\ExternalLibraries\MathGeoLib\include\Geometry\Circle.cpp">
      <Filter>ExternalLibraries\MathGeoLib</Filter>
    </ClCompile>
    <ClCompile Include="Source\ExternalLibraries\MathGeoLib\include\Geometry\Cone.cpp">
      <Filter>ExternalLibraries\MathGeoLib</Filter>
    </ClCompile>
    <ClCompile Include="Source\ExternalLibraries\MathGeoLib\include\Geometry\Cylinder.cpp">
      <Filter>ExternalLibraries\MathGeoLib</Filter>
    </ClCompile>
    <ClCompile Include="Source\ExternalLibraries\MathGeoLib\include\Geometry\Frustum.cpp">
      <Filter>ExternalLibraries\MathGeoLib</Filter>
    </ClCompile>
    <ClCompile Include="Source\ExternalLibraries\MathGeoLib\include\Geometry\Line.cpp">
      <Filter>ExternalLibraries\MathGeoLib</Filter>
    </ClCompile>
    <ClCompile Include="Source\ExternalLibraries\MathGeoLib\include\Geometry\LineSegment.cpp">
      <Filter>ExternalLibraries\MathGeoLib</Filter>
    </ClCompile>
    <ClCompile Include="Source\ExternalLibraries\MathGeoLib\include\Geometry\OBB.cpp">
      <Filter>ExternalLibraries\MathGeoLib</Filter>
    </ClCompile>
    <ClCompile Include="Source\ExternalLibraries\MathGeoLib\include\Geometry\Plane.cpp">
      <Filter>ExternalLibraries\MathGeoLib</Filter>
    </ClCompile>
    <ClCompile Include="Source\ExternalLibraries\MathGeoLib\include\Geometry\Polygon.cpp">
      <Filter>ExternalLibraries\MathGeoLib</Filter>
    </ClCompile>
    <ClCompile Include="Source\ExternalLibraries\MathGeoLib\include\Geometry\Polyhedron.cpp">
      <Filter>ExternalLibraries\MathGeoLib</Filter>
    </ClCompile>
    <ClCompile Include="Source\ExternalLibraries\MathGeoLib\include\Geometry\Ray.cpp">
      <Filter>ExternalLibraries\MathGeoLib</Filter>
    </ClCompile>
    <ClCompile Include="Source\ExternalLibraries\MathGeoLib\include\Geometry\Sphere.cpp">
      <Filter>ExternalLibraries\MathGeoLib</Filter>
    </ClCompile>
    <ClCompile Include="Source\ExternalLibraries\MathGeoLib\include\Geometry\Triangle.cpp">
      <Filter>ExternalLibraries\MathGeoLib</Filter>
    </ClCompile>
    <ClCompile Include="Source\ExternalLibraries\MathGeoLib\include\Geometry\TriangleMesh.cpp">
      <Filter>ExternalLibraries\MathGeoLib</Filter>
    </ClCompile>
    <ClCompile Include="Source\ExternalLibraries\MathGeoLib\include\Algorithm\Random\LCG.cpp">
      <Filter>ExternalLibraries\MathGeoLib</Filter>
    </ClCompile>
    <ClCompile Include="Source\ExternalLibraries\MathGeoLib\include\Time\Clock.cpp">
      <Filter>ExternalLibraries\MathGeoLib</Filter>
    </ClCompile>
    <ClCompile Include="Source\Animation.cpp" />
    <ClCompile Include="Source\AnimationSheet.cpp" />
    <ClCompile Include="Source\FileSystem.cpp" />
    <ClCompile Include="Source\CharacterController.cpp" />
    <ClCompile Include="Source\PlayerController.cpp" />
    <ClCompile Include="Source\Fx.cpp" />
    <ClCompile Include="Source\ExternalLibraries\physfs-3.0.1\src\physfs.c">
      <Filter>ExternalLibraries\PhysFS</Filter>
    </ClCompile>
    <ClCompile Include="Source\ExternalLibraries\physfs-3.0.1\src\physfs_archiver_7z.c">
      <Filter>ExternalLibraries\PhysFS</Filter>
    </ClCompile>
    <ClCompile Include="Source\ExternalLibraries\physfs-3.0.1\src\physfs_archiver_dir.c">
      <Filter>ExternalLibraries\PhysFS</Filter>
    </ClCompile>
    <ClCompile Include="Source\ExternalLibraries\physfs-3.0.1\src\physfs_archiver_grp.c">
      <Filter>ExternalLibraries\PhysFS</Filter>
    </ClCompile>
    <ClCompile Include="Source\ExternalLibraries\physfs-3.0.1\src\physfs_archiver_hog.c">
      <Filter>ExternalLibraries\PhysFS</Filter>
    </ClCompile>
    <ClCompile Include="Source\ExternalLibraries\physfs-3.0.1\src\physfs_archiver_iso9660.c">
      <Filter>ExternalLibraries\PhysFS</Filter>
    </ClCompile>
    <ClCompile Include="Source\ExternalLibraries\physfs-3.0.1\src\physfs_archiver_mvl.c">
      <Filter>ExternalLibraries\PhysFS</Filter>
    </ClCompile>
    <ClCompile Include="Source\ExternalLibraries\physfs-3.0.1\src\physfs_archiver_qpak.c">
      <Filter>ExternalLibraries\PhysFS</Filter>
    </ClCompile>
    <ClCompile Include="Source\ExternalLibraries\physfs-3.0.1\src\physfs_archiver_slb.c">
      <Filter>ExternalLibraries\PhysFS</Filter>
    </ClCompile>
    <ClCompile Include="Source\ExternalLibraries\physfs-3.0.1\src\physfs_archiver_unpacked.c">
      <Filter>ExternalLibraries\PhysFS</Filter>
    </ClCompile>
    <ClCompile Include="Source\ExternalLibraries\physfs-3.0.1\src\physfs_archiver_vdf.c">
      <Filter>ExternalLibraries\PhysFS</Filter>
    </ClCompile>
    <ClCompile Include="Source\ExternalLibraries\physfs-3.0.1\src\physfs_archiver_wad.c">
      <Filter>ExternalLibraries\PhysFS</Filter>
    </ClCompile>
    <ClCompile Include="Source\ExternalLibraries\physfs-3.0.1\src\physfs_archiver_zip.c">
      <Filter>ExternalLibraries\PhysFS</Filter>
    </ClCompile>
    <ClCompile Include="Source\ExternalLibraries\physfs-3.0.1\src\physfs_byteorder.c">
      <Filter>ExternalLibraries\PhysFS</Filter>
    </ClCompile>
    <ClCompile Include="Source\ExternalLibraries\physfs-3.0.1\src\physfs_platform_haiku.cpp">
      <Filter>ExternalLibraries\PhysFS</Filter>
    </ClCompile>
    <ClCompile Include="Source\ExternalLibraries\physfs-3.0.1\src\physfs_platform_os2.c">
      <Filter>ExternalLibraries\PhysFS</Filter>
    </ClCompile>
    <ClCompile Include="Source\ExternalLibraries\physfs-3.0.1\src\physfs_platform_posix.c">
      <Filter>ExternalLibraries\PhysFS</Filter>
    </ClCompile>
    <ClCompile Include="Source\ExternalLibraries\physfs-3.0.1\src\physfs_platform_qnx.c">
      <Filter>ExternalLibraries\PhysFS</Filter>
    </ClCompile>
    <ClCompile Include="Source\ExternalLibraries\physfs-3.0.1\src\physfs_platform_unix.c">
      <Filter>ExternalLibraries\PhysFS</Filter>
    </ClCompile>
    <ClCompile Include="Source\ExternalLibraries\physfs-3.0.1\src\physfs_platform_windows.c">
      <Filter>ExternalLibraries\PhysFS</Filter>
    </ClCompile>
    <ClCompile Include="Source\ExternalLibraries\physfs-3.0.1\src\physfs_platform_winrt.cpp">
      <Filter>ExternalLibraries\PhysFS</Filter>
    </ClCompile>
    <ClCompile Include="Source\ExternalLibraries\physfs-3.0.1\src\physfs_unicode.c">
      <Filter>ExternalLibraries\PhysFS</Filter>
    </ClCompile>
    <ClCompile Include="Source\AI.cpp" />
    <ClCompile Include="Source\AIManager.cpp" />
  </ItemGroup>
  <ItemGroup>
    <ClInclude Include="Source\Render.h" />
    <ClInclude Include="Source\Globals.h" />
    <ClInclude Include="Source\ExternalLibraries\SDL\include\begin_code.h">
      <Filter>ExternalLibraries\SDL</Filter>
    </ClInclude>
    <ClInclude Include="Source\ExternalLibraries\SDL\include\close_code.h">
      <Filter>ExternalLibraries\SDL</Filter>
    </ClInclude>
    <ClInclude Include="Source\ExternalLibraries\SDL\include\SDL.h">
      <Filter>ExternalLibraries\SDL</Filter>
    </ClInclude>
    <ClInclude Include="Source\ExternalLibraries\SDL\include\SDL_assert.h">
      <Filter>ExternalLibraries\SDL</Filter>
    </ClInclude>
    <ClInclude Include="Source\ExternalLibraries\SDL\include\SDL_atomic.h">
      <Filter>ExternalLibraries\SDL</Filter>
    </ClInclude>
    <ClInclude Include="Source\ExternalLibraries\SDL\include\SDL_audio.h">
      <Filter>ExternalLibraries\SDL</Filter>
    </ClInclude>
    <ClInclude Include="Source\ExternalLibraries\SDL\include\SDL_bits.h">
      <Filter>ExternalLibraries\SDL</Filter>
    </ClInclude>
    <ClInclude Include="Source\ExternalLibraries\SDL\include\SDL_blendmode.h">
      <Filter>ExternalLibraries\SDL</Filter>
    </ClInclude>
    <ClInclude Include="Source\ExternalLibraries\SDL\include\SDL_clipboard.h">
      <Filter>ExternalLibraries\SDL</Filter>
    </ClInclude>
    <ClInclude Include="Source\ExternalLibraries\SDL\include\SDL_config.h">
      <Filter>ExternalLibraries\SDL</Filter>
    </ClInclude>
    <ClInclude Include="Source\ExternalLibraries\SDL\include\SDL_config_android.h">
      <Filter>ExternalLibraries\SDL</Filter>
    </ClInclude>
    <ClInclude Include="Source\ExternalLibraries\SDL\include\SDL_config_iphoneos.h">
      <Filter>ExternalLibraries\SDL</Filter>
    </ClInclude>
    <ClInclude Include="Source\ExternalLibraries\SDL\include\SDL_config_macosx.h">
      <Filter>ExternalLibraries\SDL</Filter>
    </ClInclude>
    <ClInclude Include="Source\ExternalLibraries\SDL\include\SDL_config_minimal.h">
      <Filter>ExternalLibraries\SDL</Filter>
    </ClInclude>
    <ClInclude Include="Source\ExternalLibraries\SDL\include\SDL_config_os2.h">
      <Filter>ExternalLibraries\SDL</Filter>
    </ClInclude>
    <ClInclude Include="Source\ExternalLibraries\SDL\include\SDL_config_pandora.h">
      <Filter>ExternalLibraries\SDL</Filter>
    </ClInclude>
    <ClInclude Include="Source\ExternalLibraries\SDL\include\SDL_config_psp.h">
      <Filter>ExternalLibraries\SDL</Filter>
    </ClInclude>
    <ClInclude Include="Source\ExternalLibraries\SDL\include\SDL_config_windows.h">
      <Filter>ExternalLibraries\SDL</Filter>
    </ClInclude>
    <ClInclude Include="Source\ExternalLibraries\SDL\include\SDL_config_winrt.h">
      <Filter>ExternalLibraries\SDL</Filter>
    </ClInclude>
    <ClInclude Include="Source\ExternalLibraries\SDL\include\SDL_config_wiz.h">
      <Filter>ExternalLibraries\SDL</Filter>
    </ClInclude>
    <ClInclude Include="Source\ExternalLibraries\SDL\include\SDL_copying.h">
      <Filter>ExternalLibraries\SDL</Filter>
    </ClInclude>
    <ClInclude Include="Source\ExternalLibraries\SDL\include\SDL_cpuinfo.h">
      <Filter>ExternalLibraries\SDL</Filter>
    </ClInclude>
    <ClInclude Include="Source\ExternalLibraries\SDL\include\SDL_egl.h">
      <Filter>ExternalLibraries\SDL</Filter>
    </ClInclude>
    <ClInclude Include="Source\ExternalLibraries\SDL\include\SDL_endian.h">
      <Filter>ExternalLibraries\SDL</Filter>
    </ClInclude>
    <ClInclude Include="Source\ExternalLibraries\SDL\include\SDL_error.h">
      <Filter>ExternalLibraries\SDL</Filter>
    </ClInclude>
    <ClInclude Include="Source\ExternalLibraries\SDL\include\SDL_events.h">
      <Filter>ExternalLibraries\SDL</Filter>
    </ClInclude>
    <ClInclude Include="Source\ExternalLibraries\SDL\include\SDL_filesystem.h">
      <Filter>ExternalLibraries\SDL</Filter>
    </ClInclude>
    <ClInclude Include="Source\ExternalLibraries\SDL\include\SDL_gamecontroller.h">
      <Filter>ExternalLibraries\SDL</Filter>
    </ClInclude>
    <ClInclude Include="Source\ExternalLibraries\SDL\include\SDL_gesture.h">
      <Filter>ExternalLibraries\SDL</Filter>
    </ClInclude>
    <ClInclude Include="Source\ExternalLibraries\SDL\include\SDL_haptic.h">
      <Filter>ExternalLibraries\SDL</Filter>
    </ClInclude>
    <ClInclude Include="Source\ExternalLibraries\SDL\include\SDL_hints.h">
      <Filter>ExternalLibraries\SDL</Filter>
    </ClInclude>
    <ClInclude Include="Source\ExternalLibraries\SDL\include\SDL_joystick.h">
      <Filter>ExternalLibraries\SDL</Filter>
    </ClInclude>
    <ClInclude Include="Source\ExternalLibraries\SDL\include\SDL_keyboard.h">
      <Filter>ExternalLibraries\SDL</Filter>
    </ClInclude>
    <ClInclude Include="Source\ExternalLibraries\SDL\include\SDL_keycode.h">
      <Filter>ExternalLibraries\SDL</Filter>
    </ClInclude>
    <ClInclude Include="Source\ExternalLibraries\SDL\include\SDL_loadso.h">
      <Filter>ExternalLibraries\SDL</Filter>
    </ClInclude>
    <ClInclude Include="Source\ExternalLibraries\SDL\include\SDL_log.h">
      <Filter>ExternalLibraries\SDL</Filter>
    </ClInclude>
    <ClInclude Include="Source\ExternalLibraries\SDL\include\SDL_main.h">
      <Filter>ExternalLibraries\SDL</Filter>
    </ClInclude>
    <ClInclude Include="Source\ExternalLibraries\SDL\include\SDL_messagebox.h">
      <Filter>ExternalLibraries\SDL</Filter>
    </ClInclude>
    <ClInclude Include="Source\ExternalLibraries\SDL\include\SDL_mouse.h">
      <Filter>ExternalLibraries\SDL</Filter>
    </ClInclude>
    <ClInclude Include="Source\ExternalLibraries\SDL\include\SDL_mutex.h">
      <Filter>ExternalLibraries\SDL</Filter>
    </ClInclude>
    <ClInclude Include="Source\ExternalLibraries\SDL\include\SDL_name.h">
      <Filter>ExternalLibraries\SDL</Filter>
    </ClInclude>
    <ClInclude Include="Source\ExternalLibraries\SDL\include\SDL_opengl.h">
      <Filter>ExternalLibraries\SDL</Filter>
    </ClInclude>
    <ClInclude Include="Source\ExternalLibraries\SDL\include\SDL_opengl_glext.h">
      <Filter>ExternalLibraries\SDL</Filter>
    </ClInclude>
    <ClInclude Include="Source\ExternalLibraries\SDL\include\SDL_opengles.h">
      <Filter>ExternalLibraries\SDL</Filter>
    </ClInclude>
    <ClInclude Include="Source\ExternalLibraries\SDL\include\SDL_opengles2.h">
      <Filter>ExternalLibraries\SDL</Filter>
    </ClInclude>
    <ClInclude Include="Source\ExternalLibraries\SDL\include\SDL_opengles2_gl2.h">
      <Filter>ExternalLibraries\SDL</Filter>
    </ClInclude>
    <ClInclude Include="Source\ExternalLibraries\SDL\include\SDL_opengles2_gl2ext.h">
      <Filter>ExternalLibraries\SDL</Filter>
    </ClInclude>
    <ClInclude Include="Source\ExternalLibraries\SDL\include\SDL_opengles2_gl2platform.h">
      <Filter>ExternalLibraries\SDL</Filter>
    </ClInclude>
    <ClInclude Include="Source\ExternalLibraries\SDL\include\SDL_opengles2_khrplatform.h">
      <Filter>ExternalLibraries\SDL</Filter>
    </ClInclude>
    <ClInclude Include="Source\ExternalLibraries\SDL\include\SDL_pixels.h">
      <Filter>ExternalLibraries\SDL</Filter>
    </ClInclude>
    <ClInclude Include="Source\ExternalLibraries\SDL\include\SDL_platform.h">
      <Filter>ExternalLibraries\SDL</Filter>
    </ClInclude>
    <ClInclude Include="Source\ExternalLibraries\SDL\include\SDL_power.h">
      <Filter>ExternalLibraries\SDL</Filter>
    </ClInclude>
    <ClInclude Include="Source\ExternalLibraries\SDL\include\SDL_quit.h">
      <Filter>ExternalLibraries\SDL</Filter>
    </ClInclude>
    <ClInclude Include="Source\ExternalLibraries\SDL\include\SDL_rect.h">
      <Filter>ExternalLibraries\SDL</Filter>
    </ClInclude>
    <ClInclude Include="Source\ExternalLibraries\SDL\include\SDL_render.h">
      <Filter>ExternalLibraries\SDL</Filter>
    </ClInclude>
    <ClInclude Include="Source\ExternalLibraries\SDL\include\SDL_revision.h">
      <Filter>ExternalLibraries\SDL</Filter>
    </ClInclude>
    <ClInclude Include="Source\ExternalLibraries\SDL\include\SDL_rwops.h">
      <Filter>ExternalLibraries\SDL</Filter>
    </ClInclude>
    <ClInclude Include="Source\ExternalLibraries\SDL\include\SDL_scancode.h">
      <Filter>ExternalLibraries\SDL</Filter>
    </ClInclude>
    <ClInclude Include="Source\ExternalLibraries\SDL\include\SDL_sensor.h">
      <Filter>ExternalLibraries\SDL</Filter>
    </ClInclude>
    <ClInclude Include="Source\ExternalLibraries\SDL\include\SDL_shape.h">
      <Filter>ExternalLibraries\SDL</Filter>
    </ClInclude>
    <ClInclude Include="Source\ExternalLibraries\SDL\include\SDL_stdinc.h">
      <Filter>ExternalLibraries\SDL</Filter>
    </ClInclude>
    <ClInclude Include="Source\ExternalLibraries\SDL\include\SDL_surface.h">
      <Filter>ExternalLibraries\SDL</Filter>
    </ClInclude>
    <ClInclude Include="Source\ExternalLibraries\SDL\include\SDL_system.h">
      <Filter>ExternalLibraries\SDL</Filter>
    </ClInclude>
    <ClInclude Include="Source\ExternalLibraries\SDL\include\SDL_syswm.h">
      <Filter>ExternalLibraries\SDL</Filter>
    </ClInclude>
    <ClInclude Include="Source\ExternalLibraries\SDL\include\SDL_test.h">
      <Filter>ExternalLibraries\SDL</Filter>
    </ClInclude>
    <ClInclude Include="Source\ExternalLibraries\SDL\include\SDL_test_assert.h">
      <Filter>ExternalLibraries\SDL</Filter>
    </ClInclude>
    <ClInclude Include="Source\ExternalLibraries\SDL\include\SDL_test_common.h">
      <Filter>ExternalLibraries\SDL</Filter>
    </ClInclude>
    <ClInclude Include="Source\ExternalLibraries\SDL\include\SDL_test_compare.h">
      <Filter>ExternalLibraries\SDL</Filter>
    </ClInclude>
    <ClInclude Include="Source\ExternalLibraries\SDL\include\SDL_test_crc32.h">
      <Filter>ExternalLibraries\SDL</Filter>
    </ClInclude>
    <ClInclude Include="Source\ExternalLibraries\SDL\include\SDL_test_font.h">
      <Filter>ExternalLibraries\SDL</Filter>
    </ClInclude>
    <ClInclude Include="Source\ExternalLibraries\SDL\include\SDL_test_fuzzer.h">
      <Filter>ExternalLibraries\SDL</Filter>
    </ClInclude>
    <ClInclude Include="Source\ExternalLibraries\SDL\include\SDL_test_harness.h">
      <Filter>ExternalLibraries\SDL</Filter>
    </ClInclude>
    <ClInclude Include="Source\ExternalLibraries\SDL\include\SDL_test_images.h">
      <Filter>ExternalLibraries\SDL</Filter>
    </ClInclude>
    <ClInclude Include="Source\ExternalLibraries\SDL\include\SDL_test_log.h">
      <Filter>ExternalLibraries\SDL</Filter>
    </ClInclude>
    <ClInclude Include="Source\ExternalLibraries\SDL\include\SDL_test_md5.h">
      <Filter>ExternalLibraries\SDL</Filter>
    </ClInclude>
    <ClInclude Include="Source\ExternalLibraries\SDL\include\SDL_test_memory.h">
      <Filter>ExternalLibraries\SDL</Filter>
    </ClInclude>
    <ClInclude Include="Source\ExternalLibraries\SDL\include\SDL_test_random.h">
      <Filter>ExternalLibraries\SDL</Filter>
    </ClInclude>
    <ClInclude Include="Source\ExternalLibraries\SDL\include\SDL_thread.h">
      <Filter>ExternalLibraries\SDL</Filter>
    </ClInclude>
    <ClInclude Include="Source\ExternalLibraries\SDL\include\SDL_timer.h">
      <Filter>ExternalLibraries\SDL</Filter>
    </ClInclude>
    <ClInclude Include="Source\ExternalLibraries\SDL\include\SDL_touch.h">
      <Filter>ExternalLibraries\SDL</Filter>
    </ClInclude>
    <ClInclude Include="Source\ExternalLibraries\SDL\include\SDL_types.h">
      <Filter>ExternalLibraries\SDL</Filter>
    </ClInclude>
    <ClInclude Include="Source\ExternalLibraries\SDL\include\SDL_version.h">
      <Filter>ExternalLibraries\SDL</Filter>
    </ClInclude>
    <ClInclude Include="Source\ExternalLibraries\SDL\include\SDL_video.h">
      <Filter>ExternalLibraries\SDL</Filter>
    </ClInclude>
    <ClInclude Include="Source\ExternalLibraries\SDL\include\SDL_vulkan.h">
      <Filter>ExternalLibraries\SDL</Filter>
    </ClInclude>
    <ClInclude Include="Source\ExternalLibraries\imgui\imconfig.h">
      <Filter>ExternalLibraries\ImGui</Filter>
    </ClInclude>
    <ClInclude Include="Source\ExternalLibraries\imgui\imgui.h">
      <Filter>ExternalLibraries\ImGui</Filter>
    </ClInclude>
    <ClInclude Include="Source\ExternalLibraries\imgui\imgui_internal.h">
      <Filter>ExternalLibraries\ImGui</Filter>
    </ClInclude>
    <ClInclude Include="Source\ExternalLibraries\imgui\imstb_rectpack.h">
      <Filter>ExternalLibraries\ImGui</Filter>
    </ClInclude>
    <ClInclude Include="Source\ExternalLibraries\imgui\imstb_textedit.h">
      <Filter>ExternalLibraries\ImGui</Filter>
    </ClInclude>
    <ClInclude Include="Source\ExternalLibraries\imgui\imstb_truetype.h">
      <Filter>ExternalLibraries\ImGui</Filter>
    </ClInclude>
    <ClInclude Include="Source\ExternalLibraries\imgui\examples\imgui_impl_sdl.h">
      <Filter>ExternalLibraries\ImGui</Filter>
    </ClInclude>
    <ClInclude Include="Source\Editor.h" />
    <ClInclude Include="Source\ExternalLibraries\imgui\examples\imgui_impl_opengl3.h">
      <Filter>ExternalLibraries\ImGui</Filter>
    </ClInclude>
    <ClInclude Include="Source\Game.h" />
    <ClInclude Include="Source\Input.h" />
    <ClInclude Include="Source\Point.h" />
    <ClInclude Include="Source\Sprite.h" />
    <ClInclude Include="Source\Textures.h" />
    <ClInclude Include="Source\ExternalLibraries\MathGeoLib\include\Math\assume.h">
      <Filter>ExternalLibraries\MathGeoLib</Filter>
    </ClInclude>
    <ClInclude Include="Source\ExternalLibraries\MathGeoLib\include\Math\BitOps.h">
      <Filter>ExternalLibraries\MathGeoLib</Filter>
    </ClInclude>
    <ClInclude Include="Source\ExternalLibraries\MathGeoLib\include\Math\Complex.h">
      <Filter>ExternalLibraries\MathGeoLib</Filter>
    </ClInclude>
    <ClInclude Include="Source\ExternalLibraries\MathGeoLib\include\Math\CoordinateAxisConvention.h">
      <Filter>ExternalLibraries\MathGeoLib</Filter>
    </ClInclude>
    <ClInclude Include="Source\ExternalLibraries\MathGeoLib\include\Math\FixedPoint.h">
      <Filter>ExternalLibraries\MathGeoLib</Filter>
    </ClInclude>
    <ClInclude Include="Source\ExternalLibraries\MathGeoLib\include\Math\float2.h">
      <Filter>ExternalLibraries\MathGeoLib</Filter>
    </ClInclude>
    <ClInclude Include="Source\ExternalLibraries\MathGeoLib\include\Math\float3.h">
      <Filter>ExternalLibraries\MathGeoLib</Filter>
    </ClInclude>
    <ClInclude Include="Source\ExternalLibraries\MathGeoLib\include\Math\float3x3.h">
      <Filter>ExternalLibraries\MathGeoLib</Filter>
    </ClInclude>
    <ClInclude Include="Source\ExternalLibraries\MathGeoLib\include\Math\float3x4.h">
      <Filter>ExternalLibraries\MathGeoLib</Filter>
    </ClInclude>
    <ClInclude Include="Source\ExternalLibraries\MathGeoLib\include\Math\float4.h">
      <Filter>ExternalLibraries\MathGeoLib</Filter>
    </ClInclude>
    <ClInclude Include="Source\ExternalLibraries\MathGeoLib\include\Math\float4_neon.h">
      <Filter>ExternalLibraries\MathGeoLib</Filter>
    </ClInclude>
    <ClInclude Include="Source\ExternalLibraries\MathGeoLib\include\Math\float4_sse.h">
      <Filter>ExternalLibraries\MathGeoLib</Filter>
    </ClInclude>
    <ClInclude Include="Source\ExternalLibraries\MathGeoLib\include\Math\float4x4.h">
      <Filter>ExternalLibraries\MathGeoLib</Filter>
    </ClInclude>
    <ClInclude Include="Source\ExternalLibraries\MathGeoLib\include\Math\float4x4_neon.h">
      <Filter>ExternalLibraries\MathGeoLib</Filter>
    </ClInclude>
    <ClInclude Include="Source\ExternalLibraries\MathGeoLib\include\Math\float4x4_sse.h">
      <Filter>ExternalLibraries\MathGeoLib</Filter>
    </ClInclude>
    <ClInclude Include="Source\ExternalLibraries\MathGeoLib\include\Math\FloatCmp.h">
      <Filter>ExternalLibraries\MathGeoLib</Filter>
    </ClInclude>
    <ClInclude Include="Source\ExternalLibraries\MathGeoLib\include\Math\MathAll.h">
      <Filter>ExternalLibraries\MathGeoLib</Filter>
    </ClInclude>
    <ClInclude Include="Source\ExternalLibraries\MathGeoLib\include\Math\MathConstants.h">
      <Filter>ExternalLibraries\MathGeoLib</Filter>
    </ClInclude>
    <ClInclude Include="Source\ExternalLibraries\MathGeoLib\include\Math\MathFunc.h">
      <Filter>ExternalLibraries\MathGeoLib</Filter>
    </ClInclude>
    <ClInclude Include="Source\ExternalLibraries\MathGeoLib\include\Math\MathLog.h">
      <Filter>ExternalLibraries\MathGeoLib</Filter>
    </ClInclude>
    <ClInclude Include="Source\ExternalLibraries\MathGeoLib\include\Math\MathNamespace.h">
      <Filter>ExternalLibraries\MathGeoLib</Filter>
    </ClInclude>
    <ClInclude Include="Source\ExternalLibraries\MathGeoLib\include\Math\MathTypes.h">
      <Filter>ExternalLibraries\MathGeoLib</Filter>
    </ClInclude>
    <ClInclude Include="Source\ExternalLibraries\MathGeoLib\include\Math\MatrixProxy.h">
      <Filter>ExternalLibraries\MathGeoLib</Filter>
    </ClInclude>
    <ClInclude Include="Source\ExternalLibraries\MathGeoLib\include\Math\myassert.h">
      <Filter>ExternalLibraries\MathGeoLib</Filter>
    </ClInclude>
    <ClInclude Include="Source\ExternalLibraries\MathGeoLib\include\Math\Polynomial.h">
      <Filter>ExternalLibraries\MathGeoLib</Filter>
    </ClInclude>
    <ClInclude Include="Source\ExternalLibraries\MathGeoLib\include\Math\Quat.h">
      <Filter>ExternalLibraries\MathGeoLib</Filter>
    </ClInclude>
    <ClInclude Include="Source\ExternalLibraries\MathGeoLib\include\Math\quat_simd.h">
      <Filter>ExternalLibraries\MathGeoLib</Filter>
    </ClInclude>
    <ClInclude Include="Source\ExternalLibraries\MathGeoLib\include\Math\Rect.h">
      <Filter>ExternalLibraries\MathGeoLib</Filter>
    </ClInclude>
    <ClInclude Include="Source\ExternalLibraries\MathGeoLib\include\Math\Reinterpret.h">
      <Filter>ExternalLibraries\MathGeoLib</Filter>
    </ClInclude>
    <ClInclude Include="Source\ExternalLibraries\MathGeoLib\include\Math\sse_mathfun.h">
      <Filter>ExternalLibraries\MathGeoLib</Filter>
    </ClInclude>
    <ClInclude Include="Source\ExternalLibraries\MathGeoLib\include\Math\SSEMath.h">
      <Filter>ExternalLibraries\MathGeoLib</Filter>
    </ClInclude>
    <ClInclude Include="Source\ExternalLibraries\MathGeoLib\include\Math\TransformOps.h">
      <Filter>ExternalLibraries\MathGeoLib</Filter>
    </ClInclude>
    <ClInclude Include="Source\ExternalLibraries\MathGeoLib\include\Geometry\AABB.h">
      <Filter>ExternalLibraries\MathGeoLib</Filter>
    </ClInclude>
    <ClInclude Include="Source\ExternalLibraries\MathGeoLib\include\Geometry\AABB2D.h">
      <Filter>ExternalLibraries\MathGeoLib</Filter>
    </ClInclude>
    <ClInclude Include="Source\ExternalLibraries\MathGeoLib\include\Geometry\Capsule.h">
      <Filter>ExternalLibraries\MathGeoLib</Filter>
    </ClInclude>
    <ClInclude Include="Source\ExternalLibraries\MathGeoLib\include\Geometry\Circle.h">
      <Filter>ExternalLibraries\MathGeoLib</Filter>
    </ClInclude>
    <ClInclude Include="Source\ExternalLibraries\MathGeoLib\include\Geometry\Cone.h">
      <Filter>ExternalLibraries\MathGeoLib</Filter>
    </ClInclude>
    <ClInclude Include="Source\ExternalLibraries\MathGeoLib\include\Geometry\Cylinder.h">
      <Filter>ExternalLibraries\MathGeoLib</Filter>
    </ClInclude>
    <ClInclude Include="Source\ExternalLibraries\MathGeoLib\include\Geometry\Frustum.h">
      <Filter>ExternalLibraries\MathGeoLib</Filter>
    </ClInclude>
    <ClInclude Include="Source\ExternalLibraries\MathGeoLib\include\Geometry\GeometryAll.h">
      <Filter>ExternalLibraries\MathGeoLib</Filter>
    </ClInclude>
    <ClInclude Include="Source\ExternalLibraries\MathGeoLib\include\Geometry\GeomType.h">
      <Filter>ExternalLibraries\MathGeoLib</Filter>
    </ClInclude>
    <ClInclude Include="Source\ExternalLibraries\MathGeoLib\include\Geometry\HitInfo.h">
      <Filter>ExternalLibraries\MathGeoLib</Filter>
    </ClInclude>
    <ClInclude Include="Source\ExternalLibraries\MathGeoLib\include\Geometry\KDTree.h">
      <Filter>ExternalLibraries\MathGeoLib</Filter>
    </ClInclude>
    <ClInclude Include="Source\ExternalLibraries\MathGeoLib\include\Geometry\Line.h">
      <Filter>ExternalLibraries\MathGeoLib</Filter>
    </ClInclude>
    <ClInclude Include="Source\ExternalLibraries\MathGeoLib\include\Geometry\LineSegment.h">
      <Filter>ExternalLibraries\MathGeoLib</Filter>
    </ClInclude>
    <ClInclude Include="Source\ExternalLibraries\MathGeoLib\include\Geometry\OBB.h">
      <Filter>ExternalLibraries\MathGeoLib</Filter>
    </ClInclude>
    <ClInclude Include="Source\ExternalLibraries\MathGeoLib\include\Geometry\PBVolume.h">
      <Filter>ExternalLibraries\MathGeoLib</Filter>
    </ClInclude>
    <ClInclude Include="Source\ExternalLibraries\MathGeoLib\include\Geometry\Plane.h">
      <Filter>ExternalLibraries\MathGeoLib</Filter>
    </ClInclude>
    <ClInclude Include="Source\ExternalLibraries\MathGeoLib\include\Geometry\Polygon.h">
      <Filter>ExternalLibraries\MathGeoLib</Filter>
    </ClInclude>
    <ClInclude Include="Source\ExternalLibraries\MathGeoLib\include\Geometry\Polyhedron.h">
      <Filter>ExternalLibraries\MathGeoLib</Filter>
    </ClInclude>
    <ClInclude Include="Source\ExternalLibraries\MathGeoLib\include\Geometry\QuadTree.h">
      <Filter>ExternalLibraries\MathGeoLib</Filter>
    </ClInclude>
    <ClInclude Include="Source\ExternalLibraries\MathGeoLib\include\Geometry\Ray.h">
      <Filter>ExternalLibraries\MathGeoLib</Filter>
    </ClInclude>
    <ClInclude Include="Source\ExternalLibraries\MathGeoLib\include\Geometry\Sphere.h">
      <Filter>ExternalLibraries\MathGeoLib</Filter>
    </ClInclude>
    <ClInclude Include="Source\ExternalLibraries\MathGeoLib\include\Geometry\Triangle.h">
      <Filter>ExternalLibraries\MathGeoLib</Filter>
    </ClInclude>
    <ClInclude Include="Source\ExternalLibraries\MathGeoLib\include\Geometry\TriangleMesh.h">
      <Filter>ExternalLibraries\MathGeoLib</Filter>
    </ClInclude>
    <ClInclude Include="Source\ExternalLibraries\MathGeoLib\include\MathBuildConfig.h">
      <Filter>ExternalLibraries\MathGeoLib</Filter>
    </ClInclude>
    <ClInclude Include="Source\ExternalLibraries\MathGeoLib\include\MathGeoLib.h">
      <Filter>ExternalLibraries\MathGeoLib</Filter>
    </ClInclude>
    <ClInclude Include="Source\ExternalLibraries\MathGeoLib\include\MathGeoLibFwd.h">
      <Filter>ExternalLibraries\MathGeoLib</Filter>
    </ClInclude>
    <ClInclude Include="Source\ExternalLibraries\MathGeoLib\include\Algorithm\Random\LCG.h">
      <Filter>ExternalLibraries\MathGeoLib</Filter>
    </ClInclude>
    <ClInclude Include="Source\ExternalLibraries\MathGeoLib\include\Time\Clock.h">
      <Filter>ExternalLibraries\MathGeoLib</Filter>
    </ClInclude>
    <ClInclude Include="Source\Animation.h" />
    <ClInclude Include="Source\AnimationSheet.h" />
    <ClInclude Include="Source\FileSystem.h" />
    <ClInclude Include="Source\ExternalLibraries\rapidjson-1.1.0\include\rapidjson\document.h">
      <Filter>ExternalLibraries\Rapidjson</Filter>
    </ClInclude>
    <ClInclude Include="Source\CharacterController.h" />
    <ClInclude Include="Source\PlayerController.h" />
    <ClInclude Include="Source\Fx.h" />
    <ClInclude Include="Source\ExternalLibraries\physfs-3.0.1\src\physfs.h">
      <Filter>ExternalLibraries\PhysFS</Filter>
    </ClInclude>
    <ClInclude Include="Source\ExternalLibraries\physfs-3.0.1\src\physfs_casefolding.h">
      <Filter>ExternalLibraries\PhysFS</Filter>
    </ClInclude>
    <ClInclude Include="Source\ExternalLibraries\physfs-3.0.1\src\physfs_internal.h">
      <Filter>ExternalLibraries\PhysFS</Filter>
    </ClInclude>
    <ClInclude Include="Source\ExternalLibraries\physfs-3.0.1\src\physfs_lzmasdk.h">
      <Filter>ExternalLibraries\PhysFS</Filter>
    </ClInclude>
    <ClInclude Include="Source\ExternalLibraries\physfs-3.0.1\src\physfs_miniz.h">
      <Filter>ExternalLibraries\PhysFS</Filter>
    </ClInclude>
    <ClInclude Include="Source\ExternalLibraries\physfs-3.0.1\src\physfs_platforms.h">
      <Filter>ExternalLibraries\PhysFS</Filter>
    </ClInclude>
    <ClInclude Include="Source\AI.h" />
    <ClInclude Include="Source\AIManager.h" />
  </ItemGroup>
  <ItemGroup>
    <Filter Include="ExternalLibraries">
      <UniqueIdentifier>{bc02559b-84c3-47ac-bfb5-e1f3b3ab8106}</UniqueIdentifier>
    </Filter>
    <Filter Include="ExternalLibraries\SDL">
      <UniqueIdentifier>{c1217608-ed76-4620-98b5-c44517159150}</UniqueIdentifier>
    </Filter>
    <Filter Include="ExternalLibraries\ImGui">
      <UniqueIdentifier>{01404aa8-9d25-4313-9d8c-30b20eb4b91f}</UniqueIdentifier>
    </Filter>
    <Filter Include="ExternalLibraries\MathGeoLib">
      <UniqueIdentifier>{d3e4a53b-4c6d-4bc8-a349-f7a8aadc29bc}</UniqueIdentifier>
    </Filter>
    <Filter Include="ExternalLibraries\Rapidjson">
      <UniqueIdentifier>{0f2abd94-f762-47a5-9e58-53e5ac525a67}</UniqueIdentifier>
    </Filter>
    <Filter Include="ExternalLibraries\PhysFS">
      <UniqueIdentifier>{0bb5c121-93d7-4d07-b6d5-60556486a962}</UniqueIdentifier>
    </Filter>
  </ItemGroup>
  <ItemGroup>
    <None Include="Source\ExternalLibraries\MathGeoLib\include\Math\Matrix.inl">
      <Filter>ExternalLibraries\MathGeoLib</Filter>
    </None>
    <None Include="Source\ExternalLibraries\MathGeoLib\include\Geometry\KDTree.inl">
      <Filter>ExternalLibraries\MathGeoLib</Filter>
    </None>
    <None Include="Game\default.fs" />
    <None Include="Game\default.vs" />
  </ItemGroup>
</Project>